
Microsoft Visual Studio Solution File, Format Version 12.00
# Visual Studio Version 16
VisualStudioVersion = 16.0.30104.148
MinimumVisualStudioVersion = 10.0.40219.1
Project("{9A19103F-16F7-4668-BE54-9A1E7A4F7556}") = "ABI.API.Structure", "ABI.API.Structure\ABI.API.Structure.csproj", "{4C132AF6-6DD3-487E-95FC-005446DF5761}"
EndProject
Project("{9A19103F-16F7-4668-BE54-9A1E7A4F7556}") = "ABI.API.Structure.Application", "ABI.API.Structure.Application\ABI.API.Structure.Application.csproj", "{1E976A5F-8174-449B-A6C1-013B4182FC87}"
EndProject
Project("{9A19103F-16F7-4668-BE54-9A1E7A4F7556}") = "ABI.API.Structure.Domain", "ABI.API.Structure.Domain\ABI.API.Structure.Domain.csproj", "{0D8F5936-1374-49FA-91F9-3EB526DDE13F}"
EndProject
Project("{9A19103F-16F7-4668-BE54-9A1E7A4F7556}") = "ABI.API.Structure.Infrastructure", "ABI.API.Structure.Infrastructure\ABI.API.Structure.Infrastructure.csproj", "{B29C685A-ED3C-4CCA-85CC-E22B525CA54E}"
EndProject
Project("{2150E333-8FDC-42A3-9474-1A3956D46DE8}") = "Microservice", "Microservice", "{B4FD3C38-EB83-49A2-B887-4B30DE99EDD5}"
EndProject
Project("{2150E333-8FDC-42A3-9474-1A3956D46DE8}") = "Api", "Api", "{3E92E29B-41AE-4355-B1B3-D5277F5454A8}"
EndProject
Project("{2150E333-8FDC-42A3-9474-1A3956D46DE8}") = "Dll", "Dll", "{986EB292-C6A8-4D8D-8164-CB5BE0281917}"
EndProject
Project("{2150E333-8FDC-42A3-9474-1A3956D46DE8}") = "UnitTest", "UnitTest", "{6E7F9337-60CD-4FD9-859E-638E674C7DCA}"
EndProject
Project("{9A19103F-16F7-4668-BE54-9A1E7A4F7556}") = "ABI.API.Structure.ACL.Truck", "ABI.API.Structure.ACL.Truck\ABI.API.Structure.ACL.Truck.csproj", "{9A19103F-16F7-4668-BE54-9A1E7A4F7556}"
EndProject
Project("{9A19103F-16F7-4668-BE54-9A1E7A4F7556}") = "ABI.API.Structure.APIClient.Truck", "ABI.API.Structure.APIClient.Truck\ABI.API.Structure.APIClient.Truck.csproj", "{3CC3069B-9885-482F-8414-1997B4A7A84C}"
EndProject
Project("{9A19103F-16F7-4668-BE54-9A1E7A4F7556}") = "ABI.API.Structure.Unit.Tests", "ABI.API.Structure.Unit.Tests\ABI.API.Structure.Unit.Tests.csproj", "{37E1C87F-0A99-45F2-9547-1A3FBB3CCEBC}"
EndProject
Project("{9A19103F-16F7-4668-BE54-9A1E7A4F7556}") = "ABI.Api.Structure.Integration.Tests", "ABI.Api.Structure.Integration.Tests\ABI.Api.Structure.Integration.Tests.csproj", "{6BF73D6E-BAF4-4E11-B88E-FD49B2ED852B}"
EndProject
Project("{2150E333-8FDC-42A3-9474-1A3956D46DE8}") = "Dll ACL", "Dll ACL", "{277B72EA-74B2-42C3-9D68-7792C4B5AFA3}"
EndProject
Project("{9A19103F-16F7-4668-BE54-9A1E7A4F7556}") = "ABI.API.Structure.ACL.Truck.Unit.Tests", "ABI.API.Structure.ACL.Truck.Unit.Tests\ABI.API.Structure.ACL.Truck.Unit.Tests.csproj", "{081245D7-5CAB-40BF-8298-18C76B04FC69}"
EndProject
Global
	GlobalSection(SolutionConfigurationPlatforms) = preSolution
		Debug|Any CPU = Debug|Any CPU
		Docker|Any CPU = Docker|Any CPU
		Release|Any CPU = Release|Any CPU
		Test|Any CPU = Test|Any CPU
		TestAutomation|Any CPU = TestAutomation|Any CPU
	EndGlobalSection
	GlobalSection(ProjectConfigurationPlatforms) = postSolution
		{4C132AF6-6DD3-487E-95FC-005446DF5761}.Debug|Any CPU.ActiveCfg = Debug|Any CPU
		{4C132AF6-6DD3-487E-95FC-005446DF5761}.Debug|Any CPU.Build.0 = Debug|Any CPU
		{4C132AF6-6DD3-487E-95FC-005446DF5761}.Docker|Any CPU.ActiveCfg = Docker|Any CPU
		{4C132AF6-6DD3-487E-95FC-005446DF5761}.Docker|Any CPU.Build.0 = Docker|Any CPU
		{4C132AF6-6DD3-487E-95FC-005446DF5761}.Release|Any CPU.ActiveCfg = Release|Any CPU
		{4C132AF6-6DD3-487E-95FC-005446DF5761}.Release|Any CPU.Build.0 = Release|Any CPU
		{4C132AF6-6DD3-487E-95FC-005446DF5761}.Test|Any CPU.ActiveCfg = Test|Any CPU
		{4C132AF6-6DD3-487E-95FC-005446DF5761}.Test|Any CPU.Build.0 = Test|Any CPU
		{4C132AF6-6DD3-487E-95FC-005446DF5761}.TestAutomation|Any CPU.ActiveCfg = TestAutomation|Any CPU
		{4C132AF6-6DD3-487E-95FC-005446DF5761}.TestAutomation|Any CPU.Build.0 = TestAutomation|Any CPU
		{1E976A5F-8174-449B-A6C1-013B4182FC87}.Debug|Any CPU.ActiveCfg = Debug|Any CPU
		{1E976A5F-8174-449B-A6C1-013B4182FC87}.Debug|Any CPU.Build.0 = Debug|Any CPU
		{1E976A5F-8174-449B-A6C1-013B4182FC87}.Docker|Any CPU.ActiveCfg = Docker|Any CPU
		{1E976A5F-8174-449B-A6C1-013B4182FC87}.Docker|Any CPU.Build.0 = Docker|Any CPU
		{1E976A5F-8174-449B-A6C1-013B4182FC87}.Release|Any CPU.ActiveCfg = Release|Any CPU
		{1E976A5F-8174-449B-A6C1-013B4182FC87}.Release|Any CPU.Build.0 = Release|Any CPU
		{1E976A5F-8174-449B-A6C1-013B4182FC87}.Test|Any CPU.ActiveCfg = Debug|Any CPU
		{1E976A5F-8174-449B-A6C1-013B4182FC87}.Test|Any CPU.Build.0 = Debug|Any CPU
		{1E976A5F-8174-449B-A6C1-013B4182FC87}.TestAutomation|Any CPU.ActiveCfg = TestAutomation|Any CPU
		{1E976A5F-8174-449B-A6C1-013B4182FC87}.TestAutomation|Any CPU.Build.0 = TestAutomation|Any CPU
		{0D8F5936-1374-49FA-91F9-3EB526DDE13F}.Debug|Any CPU.ActiveCfg = Debug|Any CPU
		{0D8F5936-1374-49FA-91F9-3EB526DDE13F}.Debug|Any CPU.Build.0 = Debug|Any CPU
		{0D8F5936-1374-49FA-91F9-3EB526DDE13F}.Docker|Any CPU.ActiveCfg = Docker|Any CPU
		{0D8F5936-1374-49FA-91F9-3EB526DDE13F}.Docker|Any CPU.Build.0 = Docker|Any CPU
		{0D8F5936-1374-49FA-91F9-3EB526DDE13F}.Release|Any CPU.ActiveCfg = Release|Any CPU
		{0D8F5936-1374-49FA-91F9-3EB526DDE13F}.Release|Any CPU.Build.0 = Release|Any CPU
		{0D8F5936-1374-49FA-91F9-3EB526DDE13F}.Test|Any CPU.ActiveCfg = Debug|Any CPU
		{0D8F5936-1374-49FA-91F9-3EB526DDE13F}.Test|Any CPU.Build.0 = Debug|Any CPU
		{0D8F5936-1374-49FA-91F9-3EB526DDE13F}.TestAutomation|Any CPU.ActiveCfg = TestAutomation|Any CPU
		{0D8F5936-1374-49FA-91F9-3EB526DDE13F}.TestAutomation|Any CPU.Build.0 = TestAutomation|Any CPU
		{B29C685A-ED3C-4CCA-85CC-E22B525CA54E}.Debug|Any CPU.ActiveCfg = Debug|Any CPU
		{B29C685A-ED3C-4CCA-85CC-E22B525CA54E}.Debug|Any CPU.Build.0 = Debug|Any CPU
		{B29C685A-ED3C-4CCA-85CC-E22B525CA54E}.Docker|Any CPU.ActiveCfg = Docker|Any CPU
		{B29C685A-ED3C-4CCA-85CC-E22B525CA54E}.Docker|Any CPU.Build.0 = Docker|Any CPU
		{B29C685A-ED3C-4CCA-85CC-E22B525CA54E}.Release|Any CPU.ActiveCfg = Release|Any CPU
		{B29C685A-ED3C-4CCA-85CC-E22B525CA54E}.Release|Any CPU.Build.0 = Release|Any CPU
		{B29C685A-ED3C-4CCA-85CC-E22B525CA54E}.Test|Any CPU.ActiveCfg = Debug|Any CPU
		{B29C685A-ED3C-4CCA-85CC-E22B525CA54E}.Test|Any CPU.Build.0 = Debug|Any CPU
		{B29C685A-ED3C-4CCA-85CC-E22B525CA54E}.TestAutomation|Any CPU.ActiveCfg = TestAutomation|Any CPU
		{B29C685A-ED3C-4CCA-85CC-E22B525CA54E}.TestAutomation|Any CPU.Build.0 = TestAutomation|Any CPU
		{9A19103F-16F7-4668-BE54-9A1E7A4F7556}.Debug|Any CPU.ActiveCfg = Debug|Any CPU
		{9A19103F-16F7-4668-BE54-9A1E7A4F7556}.Debug|Any CPU.Build.0 = Debug|Any CPU
		{9A19103F-16F7-4668-BE54-9A1E7A4F7556}.Docker|Any CPU.ActiveCfg = Docker|Any CPU
		{9A19103F-16F7-4668-BE54-9A1E7A4F7556}.Docker|Any CPU.Build.0 = Docker|Any CPU
		{9A19103F-16F7-4668-BE54-9A1E7A4F7556}.Release|Any CPU.ActiveCfg = Release|Any CPU
		{9A19103F-16F7-4668-BE54-9A1E7A4F7556}.Release|Any CPU.Build.0 = Release|Any CPU
		{9A19103F-16F7-4668-BE54-9A1E7A4F7556}.Test|Any CPU.ActiveCfg = Debug|Any CPU
		{9A19103F-16F7-4668-BE54-9A1E7A4F7556}.Test|Any CPU.Build.0 = Debug|Any CPU
		{9A19103F-16F7-4668-BE54-9A1E7A4F7556}.TestAutomation|Any CPU.ActiveCfg = TestAutomation|Any CPU
		{9A19103F-16F7-4668-BE54-9A1E7A4F7556}.TestAutomation|Any CPU.Build.0 = TestAutomation|Any CPU
		{3CC3069B-9885-482F-8414-1997B4A7A84C}.Debug|Any CPU.ActiveCfg = Debug|Any CPU
		{3CC3069B-9885-482F-8414-1997B4A7A84C}.Debug|Any CPU.Build.0 = Debug|Any CPU
		{3CC3069B-9885-482F-8414-1997B4A7A84C}.Docker|Any CPU.ActiveCfg = Docker|Any CPU
		{3CC3069B-9885-482F-8414-1997B4A7A84C}.Docker|Any CPU.Build.0 = Docker|Any CPU
		{3CC3069B-9885-482F-8414-1997B4A7A84C}.Release|Any CPU.ActiveCfg = Release|Any CPU
		{3CC3069B-9885-482F-8414-1997B4A7A84C}.Release|Any CPU.Build.0 = Release|Any CPU
		{3CC3069B-9885-482F-8414-1997B4A7A84C}.Test|Any CPU.ActiveCfg = Debug|Any CPU
		{3CC3069B-9885-482F-8414-1997B4A7A84C}.Test|Any CPU.Build.0 = Debug|Any CPU
		{3CC3069B-9885-482F-8414-1997B4A7A84C}.TestAutomation|Any CPU.ActiveCfg = TestAutomation|Any CPU
		{3CC3069B-9885-482F-8414-1997B4A7A84C}.TestAutomation|Any CPU.Build.0 = TestAutomation|Any CPU
		{37E1C87F-0A99-45F2-9547-1A3FBB3CCEBC}.Debug|Any CPU.ActiveCfg = Debug|Any CPU
		{37E1C87F-0A99-45F2-9547-1A3FBB3CCEBC}.Debug|Any CPU.Build.0 = Debug|Any CPU
		{37E1C87F-0A99-45F2-9547-1A3FBB3CCEBC}.Docker|Any CPU.ActiveCfg = Docker|Any CPU
		{37E1C87F-0A99-45F2-9547-1A3FBB3CCEBC}.Docker|Any CPU.Build.0 = Docker|Any CPU
		{37E1C87F-0A99-45F2-9547-1A3FBB3CCEBC}.Release|Any CPU.ActiveCfg = Release|Any CPU
		{37E1C87F-0A99-45F2-9547-1A3FBB3CCEBC}.Release|Any CPU.Build.0 = Release|Any CPU
		{37E1C87F-0A99-45F2-9547-1A3FBB3CCEBC}.Test|Any CPU.ActiveCfg = Debug|Any CPU
		{37E1C87F-0A99-45F2-9547-1A3FBB3CCEBC}.Test|Any CPU.Build.0 = Debug|Any CPU
		{37E1C87F-0A99-45F2-9547-1A3FBB3CCEBC}.TestAutomation|Any CPU.ActiveCfg = TestAutomation|Any CPU
		{37E1C87F-0A99-45F2-9547-1A3FBB3CCEBC}.TestAutomation|Any CPU.Build.0 = TestAutomation|Any CPU
		{6BF73D6E-BAF4-4E11-B88E-FD49B2ED852B}.Debug|Any CPU.ActiveCfg = Debug|Any CPU
		{6BF73D6E-BAF4-4E11-B88E-FD49B2ED852B}.Debug|Any CPU.Build.0 = Debug|Any CPU
		{6BF73D6E-BAF4-4E11-B88E-FD49B2ED852B}.Docker|Any CPU.ActiveCfg = Docker|Any CPU
		{6BF73D6E-BAF4-4E11-B88E-FD49B2ED852B}.Docker|Any CPU.Build.0 = Docker|Any CPU
		{6BF73D6E-BAF4-4E11-B88E-FD49B2ED852B}.Release|Any CPU.ActiveCfg = Release|Any CPU
		{6BF73D6E-BAF4-4E11-B88E-FD49B2ED852B}.Release|Any CPU.Build.0 = Release|Any CPU
		{6BF73D6E-BAF4-4E11-B88E-FD49B2ED852B}.Test|Any CPU.ActiveCfg = Debug|Any CPU
		{6BF73D6E-BAF4-4E11-B88E-FD49B2ED852B}.Test|Any CPU.Build.0 = Debug|Any CPU
		{6BF73D6E-BAF4-4E11-B88E-FD49B2ED852B}.TestAutomation|Any CPU.ActiveCfg = TestAutomation|Any CPU
		{6BF73D6E-BAF4-4E11-B88E-FD49B2ED852B}.TestAutomation|Any CPU.Build.0 = TestAutomation|Any CPU
		{081245D7-5CAB-40BF-8298-18C76B04FC69}.Debug|Any CPU.ActiveCfg = Debug|Any CPU
		{081245D7-5CAB-40BF-8298-18C76B04FC69}.Debug|Any CPU.Build.0 = Debug|Any CPU
		{081245D7-5CAB-40BF-8298-18C76B04FC69}.Docker|Any CPU.ActiveCfg = Docker|Any CPU
		{081245D7-5CAB-40BF-8298-18C76B04FC69}.Docker|Any CPU.Build.0 = Docker|Any CPU
		{081245D7-5CAB-40BF-8298-18C76B04FC69}.Release|Any CPU.ActiveCfg = Release|Any CPU
		{081245D7-5CAB-40BF-8298-18C76B04FC69}.Release|Any CPU.Build.0 = Release|Any CPU
		{081245D7-5CAB-40BF-8298-18C76B04FC69}.Test|Any CPU.ActiveCfg = Debug|Any CPU
		{081245D7-5CAB-40BF-8298-18C76B04FC69}.Test|Any CPU.Build.0 = Debug|Any CPU
		{081245D7-5CAB-40BF-8298-18C76B04FC69}.TestAutomation|Any CPU.ActiveCfg = TestAutomation|Any CPU
		{081245D7-5CAB-40BF-8298-18C76B04FC69}.TestAutomation|Any CPU.Build.0 = TestAutomation|Any CPU
	EndGlobalSection
	GlobalSection(SolutionProperties) = preSolution
		HideSolutionNode = FALSE
	EndGlobalSection
	GlobalSection(NestedProjects) = preSolution
		{4C132AF6-6DD3-487E-95FC-005446DF5761} = {3E92E29B-41AE-4355-B1B3-D5277F5454A8}
		{1E976A5F-8174-449B-A6C1-013B4182FC87} = {986EB292-C6A8-4D8D-8164-CB5BE0281917}
		{0D8F5936-1374-49FA-91F9-3EB526DDE13F} = {986EB292-C6A8-4D8D-8164-CB5BE0281917}
		{B29C685A-ED3C-4CCA-85CC-E22B525CA54E} = {986EB292-C6A8-4D8D-8164-CB5BE0281917}
		{3E92E29B-41AE-4355-B1B3-D5277F5454A8} = {B4FD3C38-EB83-49A2-B887-4B30DE99EDD5}
		{986EB292-C6A8-4D8D-8164-CB5BE0281917} = {B4FD3C38-EB83-49A2-B887-4B30DE99EDD5}
		{9A19103F-16F7-4668-BE54-9A1E7A4F7556} = {277B72EA-74B2-42C3-9D68-7792C4B5AFA3}
		{3CC3069B-9885-482F-8414-1997B4A7A84C} = {277B72EA-74B2-42C3-9D68-7792C4B5AFA3}
		{37E1C87F-0A99-45F2-9547-1A3FBB3CCEBC} = {6E7F9337-60CD-4FD9-859E-638E674C7DCA}
		{6BF73D6E-BAF4-4E11-B88E-FD49B2ED852B} = {6E7F9337-60CD-4FD9-859E-638E674C7DCA}
		{277B72EA-74B2-42C3-9D68-7792C4B5AFA3} = {B4FD3C38-EB83-49A2-B887-4B30DE99EDD5}
		{081245D7-5CAB-40BF-8298-18C76B04FC69} = {6E7F9337-60CD-4FD9-859E-638E674C7DCA}
	EndGlobalSection
	GlobalSection(ExtensibilityGlobals) = postSolution
		SolutionGuid = {017770DA-82E1-4B21-B43B-6BEAE373CD8D}
	EndGlobalSection
EndGlobal
